Microsoft Visual Studio Solution File, Format Version 12.00
# Visual Studio 2012
Project("{FAE04EC0-301F-11D3-BF4B-00C04F79EFBC}") = "Soteo", "Soteo.csproj", "{DEA7FE1B-2B44-47EB-8362-A1C9F5E0564E}"
EndProject
Project("{FAE04EC0-301F-11D3-BF4B-00C04F79EFBC}") = "AuthServer", "..\AuthServer\AuthServer.csproj", "{9BB6D8BC-C302-4E30-8AD1-8DCBCAC26617}"
EndProject
Project("{FAE04EC0-301F-11D3-BF4B-00C04F79EFBC}") = "Core.Gameplay", "..\Core.Gameplay\Core.Gameplay.csproj", "{723D47C6-B56E-43DC-A1E1-C4EDC5F265C4}"
EndProject
Project("{FAE04EC0-301F-11D3-BF4B-00C04F79EFBC}") = "Util", "..\Util\Util.csproj", "{9101DF23-CB1E-471D-9A12-A1F3DF44032E}"
EndProject
Project("{FAE04EC0-301F-11D3-BF4B-00C04F79EFBC}") = "Core.Shared", "..\Core.Shared\Core.Shared.csproj", "{972191D9-C7C3-4D64-87E4-2C5EBBEF3A7A}"
EndProject
Project("{FAE04EC0-301F-11D3-BF4B-00C04F79EFBC}") = "Core.CampaignServer", "..\Core.CampaignServer\Core.CampaignServer.csproj", "{219F1E6A-7251-441B-9027-79CB344F7501}"
EndProject
Project("{FAE04EC0-301F-11D3-BF4B-00C04F79EFBC}") = "Core.Gameplay.Tests", "..\Core.Gameplay.Tests\Core.Gameplay.Tests.csproj", "{7B55DAA4-B02C-45FE-B72D-D67544AD3A74}"
EndProject
Project("{FAE04EC0-301F-11D3-BF4B-00C04F79EFBC}") = "TestUtil", "..\TestUtil\TestUtil.csproj", "{B238546E-DD07-4301-81F6-F51983F38868}"
EndProject
Project("{FAE04EC0-301F-11D3-BF4B-00C04F79EFBC}") = "Core.CampaignServer.Tests", "..\Core.CampaignServer.Tests\Core.CampaignServer.Tests.csproj", "{B5ADAFD4-4312-43DA-921C-5E49EA6FF46B}"
EndProject
Global
	GlobalSection(SolutionConfigurationPlatforms) = preSolution
	Debug|Any CPU = Debug|Any CPU
	ExportDebug|Any CPU = ExportDebug|Any CPU
	ExportRelease|Any CPU = ExportRelease|Any CPU
	EndGlobalSection
	GlobalSection(ProjectConfigurationPlatforms) = postSolution
		{DEA7FE1B-2B44-47EB-8362-A1C9F5E0564E}.Debug|Any CPU.ActiveCfg = Debug|Any CPU
		{DEA7FE1B-2B44-47EB-8362-A1C9F5E0564E}.Debug|Any CPU.Build.0 = Debug|Any CPU
		{DEA7FE1B-2B44-47EB-8362-A1C9F5E0564E}.ExportDebug|Any CPU.ActiveCfg = ExportDebug|Any CPU
		{DEA7FE1B-2B44-47EB-8362-A1C9F5E0564E}.ExportDebug|Any CPU.Build.0 = ExportDebug|Any CPU
		{DEA7FE1B-2B44-47EB-8362-A1C9F5E0564E}.ExportRelease|Any CPU.ActiveCfg = ExportRelease|Any CPU
		{DEA7FE1B-2B44-47EB-8362-A1C9F5E0564E}.ExportRelease|Any CPU.Build.0 = ExportRelease|Any CPU
		{9BB6D8BC-C302-4E30-8AD1-8DCBCAC26617}.Debug|Any CPU.ActiveCfg = Debug|Any CPU
		{9BB6D8BC-C302-4E30-8AD1-8DCBCAC26617}.Debug|Any CPU.Build.0 = Debug|Any CPU
		{9BB6D8BC-C302-4E30-8AD1-8DCBCAC26617}.ExportDebug|Any CPU.ActiveCfg = Debug|Any CPU
		{9BB6D8BC-C302-4E30-8AD1-8DCBCAC26617}.ExportDebug|Any CPU.Build.0 = Debug|Any CPU
		{9BB6D8BC-C302-4E30-8AD1-8DCBCAC26617}.ExportRelease|Any CPU.ActiveCfg = Debug|Any CPU
		{9BB6D8BC-C302-4E30-8AD1-8DCBCAC26617}.ExportRelease|Any CPU.Build.0 = Debug|Any CPU
		{723D47C6-B56E-43DC-A1E1-C4EDC5F265C4}.Debug|Any CPU.ActiveCfg = Debug|Any CPU
		{723D47C6-B56E-43DC-A1E1-C4EDC5F265C4}.Debug|Any CPU.Build.0 = Debug|Any CPU
		{723D47C6-B56E-43DC-A1E1-C4EDC5F265C4}.ExportDebug|Any CPU.ActiveCfg = Debug|Any CPU
		{723D47C6-B56E-43DC-A1E1-C4EDC5F265C4}.ExportDebug|Any CPU.Build.0 = Debug|Any CPU
		{723D47C6-B56E-43DC-A1E1-C4EDC5F265C4}.ExportRelease|Any CPU.ActiveCfg = Debug|Any CPU
		{723D47C6-B56E-43DC-A1E1-C4EDC5F265C4}.ExportRelease|Any CPU.Build.0 = Debug|Any CPU
		{9101DF23-CB1E-471D-9A12-A1F3DF44032E}.Debug|Any CPU.ActiveCfg = Debug|Any CPU
		{9101DF23-CB1E-471D-9A12-A1F3DF44032E}.Debug|Any CPU.Build.0 = Debug|Any CPU
		{9101DF23-CB1E-471D-9A12-A1F3DF44032E}.ExportDebug|Any CPU.ActiveCfg = Debug|Any CPU
		{9101DF23-CB1E-471D-9A12-A1F3DF44032E}.ExportDebug|Any CPU.Build.0 = Debug|Any CPU
		{9101DF23-CB1E-471D-9A12-A1F3DF44032E}.ExportRelease|Any CPU.ActiveCfg = Debug|Any CPU
		{9101DF23-CB1E-471D-9A12-A1F3DF44032E}.ExportRelease|Any CPU.Build.0 = Debug|Any CPU
		{972191D9-C7C3-4D64-87E4-2C5EBBEF3A7A}.Debug|Any CPU.ActiveCfg = Debug|Any CPU
		{972191D9-C7C3-4D64-87E4-2C5EBBEF3A7A}.Debug|Any CPU.Build.0 = Debug|Any CPU
		{972191D9-C7C3-4D64-87E4-2C5EBBEF3A7A}.ExportDebug|Any CPU.ActiveCfg = Debug|Any CPU
		{972191D9-C7C3-4D64-87E4-2C5EBBEF3A7A}.ExportDebug|Any CPU.Build.0 = Debug|Any CPU
		{972191D9-C7C3-4D64-87E4-2C5EBBEF3A7A}.ExportRelease|Any CPU.ActiveCfg = Debug|Any CPU
		{972191D9-C7C3-4D64-87E4-2C5EBBEF3A7A}.ExportRelease|Any CPU.Build.0 = Debug|Any CPU
		{219F1E6A-7251-441B-9027-79CB344F7501}.Debug|Any CPU.ActiveCfg = Debug|Any CPU
		{219F1E6A-7251-441B-9027-79CB344F7501}.Debug|Any CPU.Build.0 = Debug|Any CPU
		{219F1E6A-7251-441B-9027-79CB344F7501}.ExportDebug|Any CPU.ActiveCfg = Debug|Any CPU
		{219F1E6A-7251-441B-9027-79CB344F7501}.ExportDebug|Any CPU.Build.0 = Debug|Any CPU
		{219F1E6A-7251-441B-9027-79CB344F7501}.ExportRelease|Any CPU.ActiveCfg = Debug|Any CPU
		{219F1E6A-7251-441B-9027-79CB344F7501}.ExportRelease|Any CPU.Build.0 = Debug|Any CPU
		{7B55DAA4-B02C-45FE-B72D-D67544AD3A74}.Debug|Any CPU.ActiveCfg = Debug|Any CPU
		{7B55DAA4-B02C-45FE-B72D-D67544AD3A74}.Debug|Any CPU.Build.0 = Debug|Any CPU
		{7B55DAA4-B02C-45FE-B72D-D67544AD3A74}.ExportDebug|Any CPU.ActiveCfg = Debug|Any CPU
		{7B55DAA4-B02C-45FE-B72D-D67544AD3A74}.ExportDebug|Any CPU.Build.0 = Debug|Any CPU
		{7B55DAA4-B02C-45FE-B72D-D67544AD3A74}.ExportRelease|Any CPU.ActiveCfg = Debug|Any CPU
		{7B55DAA4-B02C-45FE-B72D-D67544AD3A74}.ExportRelease|Any CPU.Build.0 = Debug|Any CPU
		{B238546E-DD07-4301-81F6-F51983F38868}.Debug|Any CPU.ActiveCfg = Debug|Any CPU
		{B238546E-DD07-4301-81F6-F51983F38868}.Debug|Any CPU.Build.0 = Debug|Any CPU
		{B238546E-DD07-4301-81F6-F51983F38868}.ExportDebug|Any CPU.ActiveCfg = Debug|Any CPU
		{B238546E-DD07-4301-81F6-F51983F38868}.ExportDebug|Any CPU.Build.0 = Debug|Any CPU
		{B238546E-DD07-4301-81F6-F51983F38868}.ExportRelease|Any CPU.ActiveCfg = Debug|Any CPU
		{B238546E-DD07-4301-81F6-F51983F38868}.ExportRelease|Any CPU.Build.0 = Debug|Any CPU
		{B5ADAFD4-4312-43DA-921C-5E49EA6FF46B}.Debug|Any CPU.ActiveCfg = Debug|Any CPU
		{B5ADAFD4-4312-43DA-921C-5E49EA6FF46B}.Debug|Any CPU.Build.0 = Debug|Any CPU
		{B5ADAFD4-4312-43DA-921C-5E49EA6FF46B}.ExportDebug|Any CPU.ActiveCfg = Debug|Any CPU
		{B5ADAFD4-4312-43DA-921C-5E49EA6FF46B}.ExportDebug|Any CPU.Build.0 = Debug|Any CPU
		{B5ADAFD4-4312-43DA-921C-5E49EA6FF46B}.ExportRelease|Any CPU.ActiveCfg = Debug|Any CPU
		{B5ADAFD4-4312-43DA-921C-5E49EA6FF46B}.ExportRelease|Any CPU.Build.0 = Debug|Any CPU
	EndGlobalSection
EndGlobal
